
Microsoft Visual Studio Solution File, Format Version 12.00
# Visual Studio Version 17
VisualStudioVersion = 17.0.32014.148
MinimumVisualStudioVersion = 10.0.40219.1
Project("{FAE04EC0-301F-11D3-BF4B-00C04F79EFBC}") = "ServiceQuenue", "ServiceQuenue\ServiceQuenue.csproj", "{565F1414-91A8-4160-940E-BA19FDE2AB9F}"
EndProject
Global
	GlobalSection(SolutionConfigurationPlatforms) = preSolution
		Debug|Any CPU = Debug|Any CPU
		Release|Any CPU = Release|Any CPU
	EndGlobalSection
	GlobalSection(ProjectConfigurationPlatforms) = postSolution
		{565F1414-91A8-4160-940E-BA19FDE2AB9F}.Debug|Any CPU.ActiveCfg = Debug|Any CPU
		{565F1414-91A8-4160-940E-BA19FDE2AB9F}.Debug|Any CPU.Build.0 = Debug|Any CPU
		{565F1414-91A8-4160-940E-BA19FDE2AB9F}.Release|Any CPU.ActiveCfg = Release|Any CPU
		{565F1414-91A8-4160-940E-BA19FDE2AB9F}.Release|Any CPU.Build.0 = Release|Any CPU
	EndGlobalSection
	GlobalSection(SolutionProperties) = preSolution
		HideSolutionNode = FALSE
	EndGlobalSection
	GlobalSection(ExtensibilityGlobals) = postSolution
		SolutionGuid = {C5AEACAC-36DB-4FF0-A68E-A8B1000EDEDD}
	EndGlobalSection
EndGlobal
